{
  "name": "campx-app",
  "version": "1.0.0",
  "lockfileVersion": 3,
  "requires": true,
  "packages": {
    "": {
      "name": "campx-app",
      "version": "1.0.0",
      "dependencies": {
        "campx-app": "file:"
      },
      "engines": {
        "node": "18.x"
      }
    },
    "node_modules/campx-app": {
      "resolved": "",
      "link": true
    }
  }
}
